<?xml version="1.0" encoding="utf-8"?>
<Project ToolsVersion="4.0" xmlns="http://schemas.microsoft.com/developer/msbuild/2003">
  <ItemGroup>
    <ClCompile Include="model_mgmt\model_downloader.cc" />
    <ClCompile Include="model_mgmt\restapi_data_transport.cc" />
    <ClCompile Include="model_mgmt\data_callback_fn.cc" />
    <ClCompile Include="model_mgmt\model_mgmt.cc" />
    <ClCompile Include="utility\config_utility.cc" />
    <ClCompile Include="utility\str_util.cc" />
    <ClCompile Include="utility\context_helper.cc" />
    <ClCompile Include="utility\configuration.cc" />
    <ClCompile Include="vw_model\vw_model.cc" />
    <ClCompile Include="vw_model\safe_vw.cc" />
    <ClCompile Include="factory_resolver.cc" />
    <ClCompile Include="live_model_impl.cc" />
    <ClCompile Include="error_callback_fn.cc" />
    <ClCompile Include="api_status.cc" />
    <ClCompile Include="live_model.cc" />
    <ClCompile Include="ranking_event.cc" />
    <ClCompile Include="ranking_response.cc" />
    <ClCompile Include="logger\event_logger.cc" />
    <ClCompile Include="utility\watchdog.cc" />
    <ClCompile Include="console_tracer.cc" />
    <ClCompile Include="trace_logger.cc" />
    <ClCompile Include="azure_factories.cc" />
    <ClCompile Include="logger\flatbuffer_allocator.cc" />
    <ClCompile Include="logger\preamble_sender.cc" />
    <ClCompile Include="logger\endian.cc" />
    <ClCompile Include="logger\preamble.cc" />
    <ClCompile Include="logger\logger_extensions.cc" />
    <ClCompile Include="utility\http_helper.cc" />
    <ClCompile Include="utility\http_client.cc" />
    <ClCompile Include="utility\data_buffer.cc" />
    <ClCompile Include="utility\stl_container_adapter.cc" />
    <ClCompile Include="utility\data_buffer_streambuf.cc" />
    <ClCompile Include="utility\config_helper.cc" />
    <ClCompile Include="logger\file\file_logger.cc" />
    <ClCompile Include="model_mgmt\empty_data_transport.cc" />
    <ClCompile Include="vw_model\pdf_model.cc" />
    <ClCompile Include="sampling.cc" />
    <ClCompile Include="time_helper.cc" />
    <ClCompile Include="model_mgmt\file_model_loader.cc" />
    <ClCompile Include="decision_response.cc" />
    <ClCompile Include="continuous_action_response.cc" />
    <ClCompile Include="learning_mode.cc" />
    <ClCompile Include="multi_slot_response.cc" />
    <ClCompile Include="logger\logger_facade.cc" />
    <ClCompile Include="serialization\payload_serializer.cc" />
    <ClCompile Include="generic_event.cc" />
    <ClCompile Include="dedup.cc" />
    <ClCompile Include="logger\http_transport_client.cc" />
    <ClCompile Include="utility\eventhub_http_authorization.cc" />
    <ClCompile Include="utility\apim_http_authorization.cc" />
    <ClCompile Include="constants.cc" />
    <ClCompile Include="multi_slot_response_detailed.cc" />
    <ClCompile Include="slot_ranking.cc" />
  </ItemGroup>
  <ItemGroup>
    <ClInclude Include="..\include\api_status.h" />
    <ClInclude Include="..\include\configuration.h" />
    <ClInclude Include="..\include\live_model.h" />
    <ClInclude Include="..\include\personalization.h" />
    <ClInclude Include="..\include\ranking_response.h" />
    <ClInclude Include="..\include\config_utility.h" />
    <ClInclude Include="..\include\constants.h" />
    <ClInclude Include="..\include\internal_constants.h" />
    <ClInclude Include="..\include\err_constants.h" />
    <ClInclude Include="..\include\factory_resolver.h" />
    <ClInclude Include="..\include\model_mgmt.h" />
    <ClInclude Include="..\include\str_util.h" />
    <ClInclude Include="utility\context_helper.h" />
    <ClInclude Include="utility\interruptable_sleeper.h" />
    <ClInclude Include="utility\periodic_background_proc.h" />
    <ClInclude Include="model_mgmt\model_downloader.h" />
    <ClInclude Include="model_mgmt\data_callback_fn.h" />
    <ClInclude Include="model_mgmt\restapi_data_transport.h" />
    <ClInclude Include="logger\async_batcher.h" />
    <ClInclude Include="logger\event_queue.h" />
    <ClInclude Include="vw_model\vw_model.h" />
    <ClInclude Include="vw_model\safe_vw.h" />
    <ClInclude Include="live_model_impl.h" />
    <ClInclude Include="error_callback_fn.h" />
    <ClInclude Include="ranking_event.h" />
    <ClInclude Include="logger\event_logger.h" />
    <ClInclude Include="..\include\sender.h" />
    <ClInclude Include="..\include\object_factory.h" />
    <ClInclude Include="utility\watchdog.h" />
    <ClInclude Include="generated\RankingEvent_generated.h" />
    <ClInclude Include="moving_queue.h" />
    <ClInclude Include="..\include\trace_logger.h" />
    <ClInclude Include="console_tracer.h" />
    <ClInclude Include="generated\OutcomeEvent_generated.h" />
    <ClInclude Include="azure_factories.h" />
    <ClInclude Include="logger\flatbuffer_allocator.h" />
    <ClInclude Include="serialization\fb_serializer.h" />
    <ClInclude Include="serialization\json_serializer.h" />
    <ClInclude Include="logger\message_sender.h" />
    <ClInclude Include="logger\preamble_sender.h" />
    <ClInclude Include="logger\message_type.h" />
    <ClInclude Include="logger\endian.h" />
    <ClInclude Include="logger\preamble.h" />
    <ClInclude Include="utility\stl_container_adapter.h" />
    <ClInclude Include="..\include\data_buffer.h" />
    <ClInclude Include="utility\versioned_object_pool.h" />
    <ClInclude Include="utility\object_pool.h" />
    <ClInclude Include="utility\data_buffer_streambuf.h" />
    <ClInclude Include="utility\http_client.h" />
    <ClInclude Include="utility\http_helper.h" />
    <ClInclude Include="..\include\action_flags.h" />
    <ClInclude Include="logger\file\file_logger.h" />
    <ClInclude Include="model_mgmt\empty_data_transport.h" />
    <ClInclude Include="vw_model\pdf_model.h" />
    <ClInclude Include="sampling.h" />
    <ClInclude Include="time_helper.h" />
    <ClInclude Include="generated\Metadata_generated.h" />
    <ClInclude Include="model_mgmt\file_model_loader.h" />
    <ClInclude Include="..\include\decision_response.h" />
    <ClInclude Include="..\include\container_iterator.h" />
    <ClInclude Include="..\include\continuous_action_response.h" />
    <ClInclude Include="..\include\future_compat.h" />
    <ClInclude Include="..\include\multi_slot_response.h" />
    <ClInclude Include="..\include\errors_data.h" />
    <ClInclude Include="logger\logger_facade.h" />
    <ClInclude Include="serialization\payload_serializer.h" />
    <ClInclude Include="generic_event.h" />
    <ClInclude Include="dedup.h" />
    <ClInclude Include="dedup_internals.h" />
    <ClInclude Include="logger\http_transport_client.h" />
    <ClInclude Include="utility\eventhub_http_authorization.h" />
    <ClInclude Include="utility\apim_http_authorization.h" />
    <ClInclude Include="..\include\multi_slot_response_detailed.h" />
    <ClInclude Include="..\include\slot_ranking.h" />
  </ItemGroup>
  <ItemGroup>
    <None Include="packages.config" />
    <None Include="schema\v1\Metadata.fbs" />
    <None Include="schema\v1\OutcomeEvent.fbs" />
    <None Include="schema\v1\RankingEvent.fbs" />
    <None Include="schema\v1\DecisionRankingEvent.fbs" />
    <None Include="schema\v1\SlatesEvent.fbs" />
    <None Include="schema\v2\Metadata.fbs" />
    <None Include="schema\v2\OutcomeEvent.fbs" />
    <None Include="schema\v2\CbEvent.fbs" />
    <None Include="schema\v2\CaEvent.fbs" />
    <None Include="schema\v2\MultiSlotEvent.fbs" />
    <None Include="schema\v2\Event.fbs" />
    <None Include="schema\v2\DedupInfo.fbs" />
    <None Include="schema\v2\LearningModeType.fbs" />
    <None Include="schema\v2\MultiStepEvent.fbs" />
  </ItemGroup>
  <ItemGroup>
    <Text Include="ReadMe.txt" />
  </ItemGroup>
</Project>